lockfileVersion: '9.0'

settings:
  autoInstallPeers: true
  excludeLinksFromLockfile: false

importers:

  .:
    devDependencies:
      '@commitlint/cli':
        specifier: ^19.8.1
        version: 19.8.1(@types/node@24.12.4)(typescript@5.9.3)
      '@commitlint/config-conventional':
        specifier: ^19.8.1
        version: 19.8.1
      '@twilic/core':
        specifier: ^3.0.0
        version: 3.0.0
      '@types/node':
        specifier: ^24.1.0
        version: 24.12.4
      hono:
        specifier: ^4.0.0
        version: 4.12.21
      husky:
        specifier: ^9.1.7
        version: 9.1.7
      oxfmt:
        specifier: ^0.50.0
        version: 0.50.0
      oxlint:
        specifier: ^1.65.0
        version: 1.66.0
      typescript:
        specifier: ^5.8.2
        version: 5.9.3

packages:

  '@babel/code-frame@7.29.0':
    resolution: {integrity: sha512-9NhCeYjq9+3uxgdtp20LSiJXJvN0FeCtNGpJxuMFZ1Kv3cWUNb6DOhJwUvcVCzKGR66cw4njwM6hrJLqgOwbcw==}
    engines: {node: '>=6.9.0'}

  '@babel/helper-validator-identifier@7.28.5':
    resolution: {integrity: sha512-qSs4ifwzKJSV39ucNjsvc6WVHs6b7S03sOh2OcHF9UHfVPqWWALUsNUVzhSBiItjRZoLHx7nIarVjqKVusUZ1Q==}
    engines: {node: '>=6.9.0'}

  '@commitlint/cli@19.8.1':
    resolution: {integrity: sha512-LXUdNIkspyxrlV6VDHWBmCZRtkEVRpBKxi2Gtw3J54cGWhLCTouVD/Q6ZSaSvd2YaDObWK8mDjrz3TIKtaQMAA==}
    engines: {node: '>=v18'}
    hasBin: true

  '@commitlint/config-conventional@19.8.1':
    resolution: {integrity: sha512-/AZHJL6F6B/G959CsMAzrPKKZjeEiAVifRyEwXxcT6qtqbPwGw+iQxmNS+Bu+i09OCtdNRW6pNpBvgPrtMr9EQ==}
    engines: {node: '>=v18'}

  '@commitlint/config-validator@19.8.1':
    resolution: {integrity: sha512-0jvJ4u+eqGPBIzzSdqKNX1rvdbSU1lPNYlfQQRIFnBgLy26BtC0cFnr7c/AyuzExMxWsMOte6MkTi9I3SQ3iGQ==}
    engines: {node: '>=v18'}

  '@commitlint/ensure@19.8.1':
    resolution: {integrity: sha512-mXDnlJdvDzSObafjYrOSvZBwkD01cqB4gbnnFuVyNpGUM5ijwU/r/6uqUmBXAAOKRfyEjpkGVZxaDsCVnHAgyw==}
    engines: {node: '>=v18'}

  '@commitlint/execute-rule@19.8.1':
    resolution: {integrity: sha512-YfJyIqIKWI64Mgvn/sE7FXvVMQER/Cd+s3hZke6cI1xgNT/f6ZAz5heND0QtffH+KbcqAwXDEE1/5niYayYaQA==}
    engines: {node: '>=v18'}

  '@commitlint/format@19.8.1':
    resolution: {integrity: sha512-kSJj34Rp10ItP+Eh9oCItiuN/HwGQMXBnIRk69jdOwEW9llW9FlyqcWYbHPSGofmjsqeoxa38UaEA5tsbm2JWw==}
    engines: {node: '>=v18'}

  '@commitlint/is-ignored@19.8.1':
    resolution: {integrity: sha512-AceOhEhekBUQ5dzrVhDDsbMaY5LqtN8s1mqSnT2Kz1ERvVZkNihrs3Sfk1Je/rxRNbXYFzKZSHaPsEJJDJV8dg==}
    engines: {node: '>=v18'}

  '@commitlint/lint@19.8.1':
    resolution: {integrity: sha512-52PFbsl+1EvMuokZXLRlOsdcLHf10isTPlWwoY1FQIidTsTvjKXVXYb7AvtpWkDzRO2ZsqIgPK7bI98x8LRUEw==}
    engines: {node: '>=v18'}

  '@commitlint/load@19.8.1':
    resolution: {integrity: sha512-9V99EKG3u7z+FEoe4ikgq7YGRCSukAcvmKQuTtUyiYPnOd9a2/H9Ak1J9nJA1HChRQp9OA/sIKPugGS+FK/k1A==}
    engines: {node: '>=v18'}

  '@commitlint/message@19.8.1':
    resolution: {integrity: sha512-+PMLQvjRXiU+Ae0Wc+p99EoGEutzSXFVwQfa3jRNUZLNW5odZAyseb92OSBTKCu+9gGZiJASt76Cj3dLTtcTdg==}
    engines: {node: '>=v18'}

  '@commitlint/parse@19.8.1':
    resolution: {integrity: sha512-mmAHYcMBmAgJDKWdkjIGq50X4yB0pSGpxyOODwYmoexxxiUCy5JJT99t1+PEMK7KtsCtzuWYIAXYAiKR+k+/Jw==}
    engines: {node: '>=v18'}

  '@commitlint/read@19.8.1':
    resolution: {integrity: sha512-03Jbjb1MqluaVXKHKRuGhcKWtSgh3Jizqy2lJCRbRrnWpcM06MYm8th59Xcns8EqBYvo0Xqb+2DoZFlga97uXQ==}
    engines: {node: '>=v18'}

  '@commitlint/resolve-extends@19.8.1':
    resolution: {integrity: sha512-GM0mAhFk49I+T/5UCYns5ayGStkTt4XFFrjjf0L4S26xoMTSkdCf9ZRO8en1kuopC4isDFuEm7ZOm/WRVeElVg==}
    engines: {node: '>=v18'}

  '@commitlint/rules@19.8.1':
    resolution: {integrity: sha512-Hnlhd9DyvGiGwjfjfToMi1dsnw1EXKGJNLTcsuGORHz6SS9swRgkBsou33MQ2n51/boIDrbsg4tIBbRpEWK2kw==}
    engines: {node: '>=v18'}

  '@commitlint/to-lines@19.8.1':
    resolution: {integrity: sha512-98Mm5inzbWTKuZQr2aW4SReY6WUukdWXuZhrqf1QdKPZBCCsXuG87c+iP0bwtD6DBnmVVQjgp4whoHRVixyPBg==}
    engines: {node: '>=v18'}

  '@commitlint/top-level@19.8.1':
    resolution: {integrity: sha512-Ph8IN1IOHPSDhURCSXBz44+CIu+60duFwRsg6HqaISFHQHbmBtxVw4ZrFNIYUzEP7WwrNPxa2/5qJ//NK1FGcw==}
    engines: {node: '>=v18'}

  '@commitlint/types@19.8.1':
    resolution: {integrity: sha512-/yCrWGCoA1SVKOks25EGadP9Pnj0oAIHGpl2wH2M2Y46dPM2ueb8wyCVOD7O3WCTkaJ0IkKvzhl1JY7+uCT2Dw==}
    engines: {node: '>=v18'}

  '@oxfmt/binding-android-arm-eabi@0.50.0':
    resolution: {integrity: sha512-ICXQVKrDvsWUtfx6EiVJxfWrajKTwTfRV8vz2XiMkxZeuCKJLgD4YAj6dE3BWvpqDlkVkie4VSTAtMUWO9LDXg==}
    engines: {node: ^20.19.0 || >=22.12.0}
    cpu: [arm]
    os: [android]

  '@oxfmt/binding-android-arm64@0.50.0':
    resolution: {integrity: sha512-quwjLQFkuW6OwLHeDeIXsTzOmipQFQbqsYN9HLk2B5I01IlAQZHP1UiLIg0O7pP+dUgPD2AD7SCYA3gs6NH5/g==}
    engines: {node: ^20.19.0 || >=22.12.0}
    cpu: [arm64]
    os: [android]

  '@oxfmt/binding-darwin-arm64@0.50.0':
    resolution: {integrity: sha512-ikU5umElcMi78/TNI334wtjr5WZ5F4nWa1aIDseAKKGL0W3ygxeYKkrIJ0fggWa8MOon66BmG3xCqmX1m9YAOw==}
    engines: {node: ^20.19.0 || >=22.12.0}
    cpu: [arm64]
    os: [darwin]

  '@oxfmt/binding-darwin-x64@0.50.0':
    resolution: {integrity: sha512-WT4MOYG4mv9IXrH0m60vHsJh+rRMPSOKTQmwDpwmgQ+DuW/i5dU4pqc0HDO5uclO5vjz5IFX5z/taW86LSVe/g==}
    engines: {node: ^20.19.0 || >=22.12.0}
    cpu: [x64]
    os: [darwin]

  '@oxfmt/binding-freebsd-x64@0.50.0':
    resolution: {integrity: sha512-gH0rycVXqV4juWkvLs2uPMtTyppDc7qEUVzXAxnQ7FpcSZNXqKowUgtjH8q67ngj416r8+4NnAlyR/D35zwwhQ==}
    engines: {node: ^20.19.0 || >=22.12.0}
    cpu: [x64]
    os: [freebsd]

  '@oxfmt/binding-linux-arm-gnueabihf@0.50.0':
    resolution: {integrity: sha512-wL/k+o0hiTeRvi/gPzeC1L/yTHTXIeHDKWU09s2zTBmv7ma59wTm+fADNSGYxhJQDxyavQbwTf1QpW3Zj924tQ==}
    engines: {node: ^20.19.0 || >=22.12.0}
    cpu: [arm]
    os: [linux]

  '@oxfmt/binding-linux-arm-musleabihf@0.50.0':
    resolution: {integrity: sha512-Y59FKqoUM3Gf00E395b4ixfWyJGwO2GzaZawF5MZoVWcb3f6CkWUXyao0jyOvoIxDMzMybcVRuXyG7ih/Nxweg==}
    engines: {node: ^20.19.0 || >=22.12.0}
    cpu: [arm]
    os: [linux]

  '@oxfmt/binding-linux-arm64-gnu@0.50.0':
    resolution: {integrity: sha512-OvXbfTjMignXWyJXg/NOFsiy996vFe8wb9tkxJaUq8ylq0XrzJg3ttavC5Tcmm6F8/GUs2r3XFJWWu9q/27uYw==}
    engines: {node: ^20.19.0 || >=22.12.0}
    cpu: [arm64]
    os: [linux]

  '@oxfmt/binding-linux-arm64-musl@0.50.0':
    resolution: {integrity: sha512-rqmvHZm7vMa3NLYa0khwkhReCmp9tqKnF23TFZ7S5cYJLvIE4b0k8famWE7kO897/DXznJe675n5SohFBggbxA==}
    engines: {node: ^20.19.0 || >=22.12.0}
    cpu: [arm64]
    os: [linux]

  '@oxfmt/binding-linux-ppc64-gnu@0.50.0':
    resolution: {integrity: sha512-49bAdYbMSde42tzPDtuHnBWzOgmoS0PT9THCjvMnDVYMQYiHzPc2Mv5rkpBHVQOXM+PHfafJlxgK0anXSWBVvw==}
    engines: {node: ^20.19.0 || >=22.12.0}
    cpu: [ppc64]
    os: [linux]

  '@oxfmt/binding-linux-riscv64-gnu@0.50.0':
    resolution: {integrity: sha512-VFT25/6kckkIM62KeWB2bi+xCEmC/zC+DcMaIpEfaio8ulkGDLSiTz11TyK0eqgTl3x5OklYEGDWohvAgOr8Bw==}
    engines: {node: ^20.19.0 || >=22.12.0}
    cpu: [riscv64]
    os: [linux]

  '@oxfmt/binding-linux-riscv64-musl@0.50.0':
    resolution: {integrity: sha512-BBJMuNy6jjkXjUUINF5UTQqb/nvjmtJad43Gp7bab0AAURAdthhJvduR7rHpWInpWYiaMzYsdrmURNcrmpxdZA==}
    engines: {node: ^20.19.0 || >=22.12.0}
    cpu: [riscv64]
    os: [linux]

  '@oxfmt/binding-linux-s390x-gnu@0.50.0':
    resolution: {integrity: sha512-Xd4y+yjAYHKmryXhyUUwbyRD01iKfcvI74iE01L6p4F8SwjhZQXDshK+T8PcrPZLiFqH263P5xqJk94amjkjzQ==}
    engines: {node: ^20.19.0 || >=22.12.0}
    cpu: [s390x]
    os: [linux]

  '@oxfmt/binding-linux-x64-gnu@0.50.0':
    resolution: {integrity: sha512-Qp96rYJru7l++7mk4R+eh8qq9GFfFAMdmoN6VGoRHI8AA1XMnUIzH4u+zOcKZZwY+irHdsaBldDearwB4nOH7A==}
    engines: {node: ^20.19.0 || >=22.12.0}
    cpu: [x64]
    os: [linux]

  '@oxfmt/binding-linux-x64-musl@0.50.0':
    resolution: {integrity: sha512-5XLGp+yd5w2Key5LMqJO+X3XVsJKgeeUKljy32+MBF/J/JZ5m8WHl6dI5eOQOr3ixopxPiXIyDAxn3slI3UXiQ==}
    engines: {node: ^20.19.0 || >=22.12.0}
    cpu: [x64]
    os: [linux]

  '@oxfmt/binding-openharmony-arm64@0.50.0':
    resolution: {integrity: sha512-QAxwzh7+GHugCD7WuERolVs8TKQwXNIAZXAHHTecbKVc9oWBkWzOiLauQuezXS57tVcof5zhi1IjZ8tOV0htTg==}
    engines: {node: ^20.19.0 || >=22.12.0}
    cpu: [arm64]
    os: [openharmony]

  '@oxfmt/binding-win32-arm64-msvc@0.50.0':
    resolution: {integrity: sha512-3nKN/kqClm9iCFWTwtJ9UpR5SGyExp5l3nw6uIiBt+3XitQtszin+vjHrL7JHfDksZ7Svigdaow2zqz/IKCfqw==}
    engines: {node: ^20.19.0 || >=22.12.0}
    cpu: [arm64]
    os: [win32]

  '@oxfmt/binding-win32-ia32-msvc@0.50.0':
    resolution: {integrity: sha512-3r6XZ8+X6qlLbXaPW2NygfiAWSpKbkE36pAVzS83mY+cYY+pSMalJ+qnCgkr92tr+Iqv988XKQ1CpARTg9ITbQ==}
    engines: {node: ^20.19.0 || >=22.12.0}
    cpu: [ia32]
    os: [win32]

  '@oxfmt/binding-win32-x64-msvc@0.50.0':
    resolution: {integrity: sha512-BSE8D8KsvquMG9vU+Qt4qGuoOcZ36rxU5S6ZkHNguj+MlWkXWCBETnno3yJ9CfWvfCrbmieaN9LK6hdcdHNZ/w==}
    engines: {node: ^20.19.0 || >=22.12.0}
    cpu: [x64]
    os: [win32]

  '@oxlint/binding-android-arm-eabi@1.66.0':
    resolution: {integrity: sha512-f7kq8N51T4phpzqfBpA2qaVTI/KrkCmNwaj3t/97I/WLTDI+UhlP5GL9eER+zVxBhtlx5rKXWByJU1/zDAvyaw==}
    engines: {node: ^20.19.0 || >=22.12.0}
    cpu: [arm]
    os: [android]

  '@oxlint/binding-android-arm64@1.66.0':
    resolution: {integrity: sha512-xu6QO71tdDS9mjmLZ3AqhtaVHBvdmsOKkYnReNNDgh+XiwnsipeQOIxbiYOOO0iAXycJ+GK0wdMSZP/2j/AmSg==}
    engines: {node: ^20.19.0 || >=22.12.0}
    cpu: [arm64]
    os: [android]

  '@oxlint/binding-darwin-arm64@1.66.0':
    resolution: {integrity: sha512-HZ24VimSOC7mxuEA99e0H2FS0C1yO3+iW13jPRAk+e2njsUs3QeAXsafCDyaIrV/MirdOVez+etQNQsJE43zNQ==}
    engines: {node: ^20.19.0 || >=22.12.0}
    cpu: [arm64]
    os: [darwin]

  '@oxlint/binding-darwin-x64@1.66.0':
    resolution: {integrity: sha512-awhj8ZvJrrRSnXj7V++rpZvTmnl99L6mi0B7gg7Cp7BN6cKpzuI481bHNLvXGA9GB1/oEgA3ponuyoAc6Md12A==}
    engines: {node: ^20.19.0 || >=22.12.0}
    cpu: [x64]
    os: [darwin]

  '@oxlint/binding-freebsd-x64@1.66.0':
    resolution: {integrity: sha512-KQF0oVV21/FjIqkRuL8Q1vh8ECsE5+ocdH5tcqTQ4ZnYuDVoYibQUNfqBjQaUsP6UIIda5Y75Wpm5p4RgQWiWw==}
    engines: {node: ^20.19.0 || >=22.12.0}
    cpu: [x64]
    os: [freebsd]

  '@oxlint/binding-linux-arm-gnueabihf@1.66.0':
    resolution: {integrity: sha512-9u1rgwZSEXWb30vbFZzQ78HVXBo0WCKNwJ3a2InRUTNMRng+PUDIoSFmA+m4HdUfBaIqftShq8J8qHc+eE/Vig==}
    engines: {node: ^20.19.0 || >=22.12.0}
    cpu: [arm]
    os: [linux]

  '@oxlint/binding-linux-arm-musleabihf@1.66.0':
    resolution: {integrity: sha512-Ynot2HR1bHxUaNWoC280MVTDfZuaWuP3XfSMRDhyuZrVjhzoaBCVFlw8h8qeZjWKVUBhPWFIxB7AQTlK8Z2WWg==}
    engines: {node: ^20.19.0 || >=22.12.0}
    cpu: [arm]
    os: [linux]

  '@oxlint/binding-linux-arm64-gnu@1.66.0':
    resolution: {integrity: sha512-xCbgzciGgo+A4aQZEknsNrNiIwY7sU5SfRuMmRjPIvZAgdF34cIHiKvwOsS5XRLjlTVSFwitmq6YclTtHTfU+g==}
    engines: {node: ^20.19.0 || >=22.12.0}
    cpu: [arm64]
    os: [linux]

  '@oxlint/binding-linux-arm64-musl@1.66.0':
    resolution: {integrity: sha512-hmo+ZB/lHkR1HdDmnziNpzSLmulnUSu10VEqX2Yex7OwvoBAbjJQLvy4gIBRV3AAwWnCvAxKp5Nv1GE6LU1QMg==}
    engines: {node: ^20.19.0 || >=22.12.0}
    cpu: [arm64]
    os: [linux]

  '@oxlint/binding-linux-ppc64-gnu@1.66.0':
    resolution: {integrity: sha512-2Invd4Uyy81mVooQC5FBtfxSNrvcX1OxbMlVQ6M2erRrNI2awFYF26YNW2yFxdVFZ4ffNOWKghtMjhnUPsXsVA==}
    engines: {node: ^20.19.0 || >=22.12.0}
    cpu: [ppc64]
    os: [linux]

  '@oxlint/binding-linux-riscv64-gnu@1.66.0':
    resolution: {integrity: sha512-s0iXPDQVdgayE3RGa/N2DZF7tjgg0TwEtD1sGoDxqPDGrIXgo45H0yHknT0f9A0yteASsweYZtDyTuVlM4aSag==}
    engines: {node: ^20.19.0 || >=22.12.0}
    cpu: [riscv64]
    os: [linux]

  '@oxlint/binding-linux-riscv64-musl@1.66.0':
    resolution: {integrity: sha512-OekL4XFiu7RPK0JIZi8VeHgtIXPREf42t8Cy/rKEsC+P3gcqDgNAAGiyuUOpdbG4wwbfue1q4CHcCO7spSve6w==}
    engines: {node: ^20.19.0 || >=22.12.0}
    cpu: [riscv64]
    os: [linux]

  '@oxlint/binding-linux-s390x-gnu@1.66.0':
    resolution: {integrity: sha512-Ga1D0kj1SFslm34ThA/BdkUlyAYEnTsXyRC4pF0C5agZSwtGdHYWMTQWemUfBGp4RCG4QWXgdO+HmmmKqOtlBg==}
    engines: {node: ^20.19.0 || >=22.12.0}
    cpu: [s390x]
    os: [linux]

  '@oxlint/binding-linux-x64-gnu@1.66.0':
    resolution: {integrity: sha512-p5jfP1wUZe/IC3qpQO84n9DRnf9g3lKRtLBlQq23ykyrDglHcVx7sWmVTlPuU6SBw8mNnPzyOn022G3XZHnlww==}
    engines: {node: ^20.19.0 || >=22.12.0}
    cpu: [x64]
    os: [linux]

  '@oxlint/binding-linux-x64-musl@1.66.0':
    resolution: {integrity: sha512-vUB/sYlYZorDL1ZD+o9mRv7zbsykrrFRtmgS6R8musZqLtrPRQn1gc1eGpuX+sfdccz42STl/AqldY6XRb2upQ==}
    engines: {node: ^20.19.0 || >=22.12.0}
    cpu: [x64]
    os: [linux]

  '@oxlint/binding-openharmony-arm64@1.66.0':
    resolution: {integrity: sha512-yde+6p/F59xRkGR9H1HfngWRif1QRJjynZK349l+UI0H6w9hL3G8/AVaTHFyTtLVQ56qtNbX2/5Dc77n1ovnOg==}
    engines: {node: ^20.19.0 || >=22.12.0}
    cpu: [arm64]
    os: [openharmony]

  '@oxlint/binding-win32-arm64-msvc@1.66.0':
    resolution: {integrity: sha512-O9GLucgoTdmOrbBX+EjzNe7o/Ze5TFOvXcib6bzUOtBOmj6cV+zw18NgB+cGKAkDw1Pdqs8vGkfHbbsLuDtXWg==}
    engines: {node: ^20.19.0 || >=22.12.0}
    cpu: [arm64]
    os: [win32]

  '@oxlint/binding-win32-ia32-msvc@1.66.0':
    resolution: {integrity: sha512-m3Pjwc2MfTcom4E4gOv7DyuGyt7OfGNCbmqDHd+N7EzXmP+ppHuudm2NjcA3AjV5TSeGxaguVF4SbTKHe1USYA==}
    engines: {node: ^20.19.0 || >=22.12.0}
    cpu: [ia32]
    os: [win32]

  '@oxlint/binding-win32-x64-msvc@1.66.0':
    resolution: {integrity: sha512-/DbBvw8UFBhja6PqudUjV4UtfsJr0Oa7jUjWVKB0g86lj/VwnPrkngn0sFql3c9RDA0O16dh7ozsXb6GjNAzBQ==}
    engines: {node: ^20.19.0 || >=22.12.0}
    cpu: [x64]
    os: [win32]

  '@twilic/core@3.0.0':
    resolution: {integrity: sha512-PxXp3L+z8cIfe7MbOw3dZrTIgSWRpwrshfFDTaJuAd7SWjw3zAcpucGUUyN1BdZU6V3oW+4XPCCljcTo6AKTNg==}
    engines: {node: '>=24'}

  '@types/conventional-commits-parser@5.0.2':
    resolution: {integrity: sha512-BgT2szDXnVypgpNxOK8aL5SGjUdaQbC++WZNjF1Qge3Og2+zhHj+RWhmehLhYyvQwqAmvezruVfOf8+3m74W+g==}

  '@types/node@24.12.4':
    resolution: {integrity: sha512-GUUEShf+PBCGW2KaXwcIt3Yk+e3pkKwWKb9GSyM9WQVE+ep2jzmHdGsHzu4wgcZy5fN9FBdVzjpBQsYlpfpgLA==}

  JSONStream@1.3.5:
    resolution: {integrity: sha512-E+iruNOY8VV9s4JEbe1aNEm6MiszPRr/UfcHMz0TQh1BXSxHK+ASV1R6W4HpjBhSeS+54PIsAMCBmwD06LLsqQ==}
    hasBin: true

  ajv@8.20.0:
    resolution: {integrity: sha512-Thbli+OlOj+iMPYFBVBfJ3OmCAnaSyNn4M1vz9T6Gka5Jt9ba/HIR56joy65tY6kx/FCF5VXNB819Y7/GUrBGA==}

  ansi-regex@5.0.1:
    resolution: {integrity: sha512-quJQXlTSUGL2LH9SUXo8VwsY4soanhgo6LNSm84E1LBcE8s3O0wpdiRzyR9z/ZZJMlMWv37qOOb9pdJlMUEKFQ==}
    engines: {node: '>=8'}

  ansi-styles@4.3.0:
    resolution: {integrity: sha512-zbB9rCJAT1rbjiVDb2hqKFHNYLxgtk8NURxZ3IZwD3F6NtxbXZQCnnSi1Lkx+IDohdPlFp222wVALIheZJQSEg==}
    engines: {node: '>=8'}

  argparse@2.0.1:
    resolution: {integrity: sha512-8+9WqebbFzpX9OR+Wa6O29asIogeRMzcGtAINdpMHHyAg10f05aSFVBbcEqGf/PXw1EjAZ+q2/bEBg3DvurK3Q==}

  array-ify@1.0.0:
    resolution: {integrity: sha512-c5AMf34bKdvPhQ7tBGhqkgKNUzMr4WUs+WDtC2ZUGOUncbxKMTvqxYctiseW3+L4bA8ec+GcZ6/A/FW4m8ukng==}

  callsites@3.1.0:
    resolution: {integrity: sha512-P8BjAsXvZS+VIDUI11hHCQEv74YT67YUi5JJFNWIqL235sBmjX4+qx9Muvls5ivyNENctx46xQLQ3aTuE7ssaQ==}
    engines: {node: '>=6'}

  chalk@5.6.2:
    resolution: {integrity: sha512-7NzBL0rN6fMUW+f7A6Io4h40qQlG+xGmtMxfbnH/K7TAtt8JQWVQK+6g0UXKMeVJoyV5EkkNsErQ8pVD3bLHbA==}
    engines: {node: ^12.17.0 || ^14.13 || >=16.0.0}

  cliui@8.0.1:
    resolution: {integrity: sha512-BSeNnyus75C4//NQ9gQt1/csTXyo/8Sb+afLAkzAptFuMsod9HFokGNudZpi/oQV73hnVK+sR+5PVRMd+Dr7YQ==}
    engines: {node: '>=12'}

  color-convert@2.0.1:
    resolution: {integrity: sha512-RRECPsj7iu/xb5oKYcsFHSppFNnsj/52OVTRKb4zP5onXwVF3zVmmToNcOfGC+CRDpfK/U584fMg38ZHCaElKQ==}
    engines: {node: '>=7.0.0'}

  color-name@1.1.4:
    resolution: {integrity: sha512-dOy+3AuW3a2wNbZHIuMZpTcgjGuLU/uBL/ubcZF9OXbDo8ff4O8yVp5Bf0efS8uEoYo5q4Fx7dY9OgQGXgAsQA==}

  compare-func@2.0.0:
    resolution: {integrity: sha512-zHig5N+tPWARooBnb0Zx1MFcdfpyJrfTJ3Y5L+IFvUm8rM74hHz66z0gw0x4tijh5CorKkKUCnW82R2vmpeCRA==}

  conventional-changelog-angular@7.0.0:
    resolution: {integrity: sha512-ROjNchA9LgfNMTTFSIWPzebCwOGFdgkEq45EnvvrmSLvCtAw0HSmrCs7/ty+wAeYUZyNay0YMUNYFTRL72PkBQ==}
    engines: {node: '>=16'}

  conventional-changelog-conventionalcommits@7.0.2:
    resolution: {integrity: sha512-NKXYmMR/Hr1DevQegFB4MwfM5Vv0m4UIxKZTTYuD98lpTknaZlSRrDOG4X7wIXpGkfsYxZTghUN+Qq+T0YQI7w==}
    engines: {node: '>=16'}

  conventional-commits-parser@5.0.0:
    resolution: {integrity: sha512-ZPMl0ZJbw74iS9LuX9YIAiW8pfM5p3yh2o/NbXHbkFuZzY5jvdi5jFycEOkmBW5H5I7nA+D6f3UcsCLP2vvSEA==}
    engines: {node: '>=16'}
    hasBin: true

  cosmiconfig-typescript-loader@6.3.0:
    resolution: {integrity: sha512-Akr82WH1Wfqatyiqpj8HDkO2o2KmJRu1FhKfSNJP3K4IdXwHfEyL7MOb62i1AGQVLtIQM+iCE9CGOtrfhR+mmA==}
    engines: {node: '>=v18'}
    peerDependencies:
      '@types/node': '*'
      cosmiconfig: '>=9'
      typescript: '>=5'

  cosmiconfig@9.0.1:
    resolution: {integrity: sha512-hr4ihw+DBqcvrsEDioRO31Z17x71pUYoNe/4h6Z0wB72p7MU7/9gH8Q3s12NFhHPfYBBOV3qyfUxmr/Yn3shnQ==}
    engines: {node: '>=14'}
    peerDependencies:
      typescript: '>=4.9.5'
    peerDependenciesMeta:
      typescript:
        optional: true

  dargs@8.1.0:
    resolution: {integrity: sha512-wAV9QHOsNbwnWdNW2FYvE1P56wtgSbM+3SZcdGiWQILwVjACCXDCI3Ai8QlCjMDB8YK5zySiXZYBiwGmNY3lnw==}
    engines: {node: '>=12'}

  dot-prop@5.3.0:
    resolution: {integrity: sha512-QM8q3zDe58hqUqjraQOmzZ1LIH9SWQJTlEKCH4kJ2oQvLZk7RbQXvtDM2XEq3fwkV9CCvvH4LA0AV+ogFsBM2Q==}
    engines: {node: '>=8'}

  emoji-regex@8.0.0:
    resolution: {integrity: sha512-MSjYzcWNOA0ewAHpz0MxpYFvwg6yjy1NG3xteoqz644VCo/RPgnr1/GGt+ic3iJTzQ8Eu3TdM14SawnVUmGE6A==}

  env-paths@2.2.1:
    resolution: {integrity: sha512-+h1lkLKhZMTYjog1VEpJNG7NZJWcuc2DDk/qsqSTRRCOXiLjeQ1d1/udrUGhqMxUgAlwKNZ0cf2uqan5GLuS2A==}
    engines: {node: '>=6'}

  error-ex@1.3.4:
    resolution: {integrity: sha512-sqQamAnR14VgCr1A618A3sGrygcpK+HEbenA/HiEAkkUwcZIIB/tgWqHFxWgOyDh4nB4JCRimh79dR5Ywc9MDQ==}

  escalade@3.2.0:
    resolution: {integrity: sha512-WUj2qlxaQtO4g6Pq5c29GTcWGDyd8itL8zTlipgECz3JesAiiOKotd8JU6otB3PACgG6xkJUyVhboMS+bje/jA==}
    engines: {node: '>=6'}

  fast-deep-equal@3.1.3:
    resolution: {integrity: sha512-f3qQ9oQy9j2AhBe/H9VC91wLmKBCCU/gDOnKNAYG5hswO7BLKj09Hc5HYNz9cGI++xlpDCIgDaitVs03ATR84Q==}

  fast-uri@3.1.2:
    resolution: {integrity: sha512-rVjf7ArG3LTk+FS6Yw81V1DLuZl1bRbNrev6Tmd/9RaroeeRRJhAt7jg/6YFxbvAQXUCavSoZhPPj6oOx+5KjQ==}

  find-up@7.0.0:
    resolution: {integrity: sha512-YyZM99iHrqLKjmt4LJDj58KI+fYyufRLBSYcqycxf//KpBk9FoewoGX0450m9nB44qrZnovzC2oeP5hUibxc/g==}
    engines: {node: '>=18'}

  get-caller-file@2.0.5:
    resolution: {integrity: sha512-DyFP3BM/3YHTQOCUL/w0OZHR0lpKeGrxotcHWcqNEdnltqFwXVfhEBQ94eIo34AfQpo0rGki4cyIiftY06h2Fg==}
    engines: {node: 6.* || 8.* || >= 10.*}

  git-raw-commits@4.0.0:
    resolution: {integrity: sha512-ICsMM1Wk8xSGMowkOmPrzo2Fgmfo4bMHLNX6ytHjajRJUqvHOw/TFapQ+QG75c3X/tTDDhOSRPGC52dDbNM8FQ==}
    engines: {node: '>=16'}
    deprecated: This package is no longer maintained. For the JavaScript API, please use @conventional-changelog/git-client instead.
    hasBin: true

  global-directory@4.0.1:
    resolution: {integrity: sha512-wHTUcDUoZ1H5/0iVqEudYW4/kAlN5cZ3j/bXn0Dpbizl9iaUVeWSHqiOjsgk6OW2bkLclbBjzewBz6weQ1zA2Q==}
    engines: {node: '>=18'}

  hono@4.12.21:
    resolution: {integrity: sha512-uV63apnb0kyPtAUwoWgaGh9HyIFcv8lgmzPZSiTBQAFOFGIzka5EZ1dZocmGnn0XdX0+XTqJ6Tqv7selMuGLRQ==}
    engines: {node: '>=16.9.0'}

  husky@9.1.7:
    resolution: {integrity: sha512-5gs5ytaNjBrh5Ow3zrvdUUY+0VxIuWVL4i9irt6friV+BqdCfmV11CQTWMiBYWHbXhco+J1kHfTOUkePhCDvMA==}
    engines: {node: '>=18'}
    hasBin: true

  import-fresh@3.3.1:
    resolution: {integrity: sha512-TR3KfrTZTYLPB6jUjfx6MF9WcWrHL9su5TObK4ZkYgBdWKPOFoSoQIdEuTuR82pmtxH2spWG9h6etwfr1pLBqQ==}
    engines: {node: '>=6'}

  import-meta-resolve@4.2.0:
    resolution: {integrity: sha512-Iqv2fzaTQN28s/FwZAoFq0ZSs/7hMAHJVX+w8PZl3cY19Pxk6jFFalxQoIfW2826i/fDLXv8IiEZRIT0lDuWcg==}

  ini@4.1.1:
    resolution: {integrity: sha512-QQnnxNyfvmHFIsj7gkPcYymR8Jdw/o7mp5ZFihxn6h8Ci6fh3Dx4E1gPjpQEpIuPo9XVNY/ZUwh4BPMjGyL01g==}
    engines: {node: ^14.17.0 || ^16.13.0 || >=18.0.0}

  is-arrayish@0.2.1:
    resolution: {integrity: sha512-zz06S8t0ozoDXMG+ube26zeCTNXcKIPJZJi8hBrF4idCLms4CG9QtK7qBl1boi5ODzFpjswb5JPmHCbMpjaYzg==}

  is-fullwidth-code-point@3.0.0:
    resolution: {integrity: sha512-zymm5+u+sCsSWyD9qNaejV3DFvhCKclKdizYaJUuHA83RLjb7nSuGnddCHGv0hk+KY7BMAlsWeK4Ueg6EV6XQg==}
    engines: {node: '>=8'}

  is-obj@2.0.0:
    resolution: {integrity: sha512-drqDG3cbczxxEJRoOXcOjtdp1J/lyp1mNn0xaznRs8+muBhgQcrnbspox5X5fOw0HnMnbfDzvnEMEtqDEJEo8w==}
    engines: {node: '>=8'}

  is-text-path@2.0.0:
    resolution: {integrity: sha512-+oDTluR6WEjdXEJMnC2z6A4FRwFoYuvShVVEGsS7ewc0UTi2QtAKMDJuL4BDEVt+5T7MjFo12RP8ghOM75oKJw==}
    engines: {node: '>=8'}

  jiti@2.6.1:
    resolution: {integrity: sha512-ekilCSN1jwRvIbgeg/57YFh8qQDNbwDb9xT/qu2DAHbFFZUicIl4ygVaAvzveMhMVr3LnpSKTNnwt8PoOfmKhQ==}
    hasBin: true

  js-tokens@4.0.0:
    resolution: {integrity: sha512-RdJUflcE3cUzKiMqQgsCu06FPu9UdIJO0beYbPhHN4k6apgJtifcoCtT9bcxOpYBtpD2kCM6Sbzg4CausW/PKQ==}

  js-yaml@4.1.1:
    resolution: {integrity: sha512-qQKT4zQxXl8lLwBtHMWwaTcGfFOZviOJet3Oy/xmGk2gZH677CJM9EvtfdSkgWcATZhj/55JZ0rmy3myCT5lsA==}
    hasBin: true

  json-parse-even-better-errors@2.3.1:
    resolution: {integrity: sha512-xyFwyhro/JEof6Ghe2iz2NcXoj2sloNsWr/XsERDK/oiPCfaNhl5ONfp+jQdAZRQQ0IJWNzH9zIZF7li91kh2w==}

  json-schema-traverse@1.0.0:
    resolution: {integrity: sha512-NM8/P9n3XjXhIZn1lLhkFaACTOURQXjWhV4BA/RnOv8xvgqtqpAX9IO4mRQxSx1Rlo4tqzeqb0sOlruaOy3dug==}

  jsonparse@1.3.1:
    resolution: {integrity: sha512-POQXvpdL69+CluYsillJ7SUhKvytYjW9vG/GKpnf+xP8UWgYEM/RaMzHHofbALDiKbbP1W8UEYmgGl39WkPZsg==}
    engines: {'0': node >= 0.2.0}

  lines-and-columns@1.2.4:
    resolution: {integrity: sha512-7ylylesZQ/PV29jhEDl3Ufjo6ZX7gCqJr5F7PKrqc93v7fzSymt1BpwEU8nAUXs8qzzvqhbjhK5QZg6Mt/HkBg==}

  locate-path@7.2.0:
    resolution: {integrity: sha512-gvVijfZvn7R+2qyPX8mAuKcFGDf6Nc61GdvGafQsHL0sBIxfKzA+usWn4GFC/bk+QdwPUD4kWFJLhElipq+0VA==}
    engines: {node: ^12.20.0 || ^14.13.1 || >=16.0.0}

  lodash.camelcase@4.3.0:
    resolution: {integrity: sha512-TwuEnCnxbc3rAvhf/LbG7tJUDzhqXyFnv3dtzLOPgCG/hODL7WFnsbwktkD7yUV0RrreP/l1PALq/YSg6VvjlA==}

  lodash.isplainobject@4.0.6:
    resolution: {integrity: sha512-oSXzaWypCMHkPC3NvBEaPHf0KsA5mvPrOPgQWDsbg8n7orZ290M0BmC/jgRZ4vcJ6DTAhjrsSYgdsW/F+MFOBA==}

  lodash.kebabcase@4.1.1:
    resolution: {integrity: sha512-N8XRTIMMqqDgSy4VLKPnJ/+hpGZN+PHQiJnSenYqPaVV/NCqEogTnAdZLQiGKhxX+JCs8waWq2t1XHWKOmlY8g==}

  lodash.merge@4.6.2:
    resolution: {integrity: sha512-0KpjqXRVvrYyCsX1swR/XTK0va6VQkQM6MNo7PqW77ByjAhoARA8EfrP1N4+KlKj8YS0ZUCtRT/YUuhyYDujIQ==}

  lodash.mergewith@4.6.2:
    resolution: {integrity: sha512-GK3g5RPZWTRSeLSpgP8Xhra+pnjBC56q9FZYe1d5RN3TJ35dbkGy3YqBSMbyCrlbi+CM9Z3Jk5yTL7RCsqboyQ==}

  lodash.snakecase@4.1.1:
    resolution: {integrity: sha512-QZ1d4xoBHYUeuouhEq3lk3Uq7ldgyFXGBhg04+oRLnIz8o9T65Eh+8YdroUwn846zchkA9yDsDl5CVVaV2nqYw==}

  lodash.startcase@4.4.0:
    resolution: {integrity: sha512-+WKqsK294HMSc2jEbNgpHpd0JfIBhp7rEV4aqXWqFr6AlXov+SlcgB1Fv01y2kGe3Gc8nMW7VA0SrGuSkRfIEg==}

  lodash.uniq@4.5.0:
    resolution: {integrity: sha512-xfBaXQd9ryd9dlSDvnvI0lvxfLJlYAZzXomUYzLKtUeOQvOP5piqAWuGtrhWeqaXK9hhoM/iyJc5AV+XfsX3HQ==}

  lodash.upperfirst@4.3.1:
    resolution: {integrity: sha512-sReKOYJIJf74dhJONhU4e0/shzi1trVbSWDOhKYE5XV2O+H7Sb2Dihwuc7xWxVl+DgFPyTqIN3zMfT9cq5iWDg==}

  meow@12.1.1:
    resolution: {integrity: sha512-BhXM0Au22RwUneMPwSCnyhTOizdWoIEPU9sp0Aqa1PnDMR5Wv2FGXYDjuzJEIX+Eo2Rb8xuYe5jrnm5QowQFkw==}
    engines: {node: '>=16.10'}

  minimist@1.2.8:
    resolution: {integrity: sha512-2yyAR8qBkN3YuheJanUpWC5U3bb5osDywNB8RzDVlDwDHbocAJveqqj1u8+SVD7jkWT4yvsHCpWqqWqAxb0zCA==}

  oxfmt@0.50.0:
    resolution: {integrity: sha512-owwjTnhfM5aCOJhYeqDvk7iM504OeYFZpdRU7cxx7xtZMo4uVpjlryTUon+Cf76CugsvnqA32e6rC73pr1hXaw==}
    engines: {node: ^20.19.0 || >=22.12.0}
    hasBin: true
    peerDependencies:
      svelte: ^5.0.0
    peerDependenciesMeta:
      svelte:
        optional: true

  oxlint@1.66.0:
    resolution: {integrity: sha512-N4LLxYLd94KEBqXDMDM5f+2PUpItTjDLreXe2Gn5KhjhCK4Qp2YUXaBi8Yu325ryOgKwt22m45fpD7nPOn69Yw==}
    engines: {node: ^20.19.0 || >=22.12.0}
    hasBin: true
    peerDependencies:
      oxlint-tsgolint: '>=0.22.1'
    peerDependenciesMeta:
      oxlint-tsgolint:
        optional: true

  p-limit@4.0.0:
    resolution: {integrity: sha512-5b0R4txpzjPWVw/cXXUResoD4hb6U/x9BH08L7nw+GN1sezDzPdxeRvpc9c433fZhBan/wusjbCsqwqm4EIBIQ==}
    engines: {node: ^12.20.0 || ^14.13.1 || >=16.0.0}

  p-locate@6.0.0:
    resolution: {integrity: sha512-wPrq66Llhl7/4AGC6I+cqxT07LhXvWL08LNXz1fENOw0Ap4sRZZ/gZpTTJ5jpurzzzfS2W/Ge9BY3LgLjCShcw==}
    engines: {node: ^12.20.0 || ^14.13.1 || >=16.0.0}

  parent-module@1.0.1:
    resolution: {integrity: sha512-GQ2EWRpQV8/o+Aw8YqtfZZPfNRWZYkbidE9k5rpl/hC3vtHHBfGm2Ifi6qWV+coDGkrUKZAxE3Lot5kcsRlh+g==}
    engines: {node: '>=6'}

  parse-json@5.2.0:
    resolution: {integrity: sha512-ayCKvm/phCGxOkYRSCM82iDwct8/EonSEgCSxWxD7ve6jHggsFl4fZVQBPRNgQoKiuV/odhFrGzQXZwbifC8Rg==}
    engines: {node: '>=8'}

  path-exists@5.0.0:
    resolution: {integrity: sha512-RjhtfwJOxzcFmNOi6ltcbcu4Iu+FL3zEj83dk4kAS+fVpTxXLO1b38RvJgT/0QwvV/L3aY9TAnyv0EOqW4GoMQ==}
    engines: {node: ^12.20.0 || ^14.13.1 || >=16.0.0}

  picocolors@1.1.1:
    resolution: {integrity: sha512-xceH2snhtb5M9liqDsmEw56le376mTZkEX/jEb/RxNFyegNul7eNslCXP9FDj/Lcu0X8KEyMceP2ntpaHrDEVA==}

  require-directory@2.1.1:
    resolution: {integrity: sha512-fGxEI7+wsG9xrvdjsrlmL22OMTTiHRwAMroiEeMgq8gzoLC/PQr7RsRDSTLUg/bZAZtF+TVIkHc6/4RIKrui+Q==}
    engines: {node: '>=0.10.0'}

  require-from-string@2.0.2:
    resolution: {integrity: sha512-Xf0nWe6RseziFMu+Ap9biiUbmplq6S9/p+7w7YXP/JBHhrUDDUhwa+vANyubuqfZWTveU//DYVGsDG7RKL/vEw==}
    engines: {node: '>=0.10.0'}

  resolve-from@4.0.0:
    resolution: {integrity: sha512-pb/MYmXstAkysRFx8piNI1tGFNQIFA3vkE3Gq4EuA1dF6gHp/+vgZqsCGJapvy8N3Q+4o7FwvquPJcnZ7RYy4g==}
    engines: {node: '>=4'}

  resolve-from@5.0.0:
    resolution: {integrity: sha512-qYg9KP24dD5qka9J47d0aVky0N+b4fTU89LN9iDnjB5waksiC49rvMB0PrUJQGoTmH50XPiqOvAjDfaijGxYZw==}
    engines: {node: '>=8'}

  semver@7.8.0:
    resolution: {integrity: sha512-AcM7dV/5ul4EekoQ29Agm5vri8JNqRyj39o0qpX6vDF2GZrtutZl5RwgD1XnZjiTAfncsJhMI48QQH3sN87YNA==}
    engines: {node: '>=10'}
    hasBin: true

  split2@4.2.0:
    resolution: {integrity: sha512-UcjcJOWknrNkF6PLX83qcHM6KHgVKNkV62Y8a5uYDVv9ydGQVwAHMKqHdJje1VTWpljG0WYpCDhrCdAOYH4TWg==}
    engines: {node: '>= 10.x'}

  string-width@4.2.3:
    resolution: {integrity: sha512-wKyQRQpjJ0sIp62ErSZdGsjMJWsap5oRNihHhu6G7JVO/9jIB6UyevL+tXuOqrng8j/cxKTWyWUwvSTriiZz/g==}
    engines: {node: '>=8'}

  strip-ansi@6.0.1:
    resolution: {integrity: sha512-Y38VPSHcqkFrCpFnQ9vuSXmquuv5oXOKpGeT6aGrr3o3Gc9AlVa6JBfUSOCnbxGGZF+/0ooI7KrPuUSztUdU5A==}
    engines: {node: '>=8'}

  text-extensions@2.4.0:
    resolution: {integrity: sha512-te/NtwBwfiNRLf9Ijqx3T0nlqZiQ2XrrtBvu+cLL8ZRrGkO0NHTug8MYFKyoSrv/sHTaSKfilUkizV6XhxMJ3g==}
    engines: {node: '>=8'}

  through@2.3.8:
    resolution: {integrity: sha512-w89qg7PI8wAdvX60bMDP+bFoD5Dvhm9oLheFp5O4a2QF0cSBGsBX4qZmadPMvVqlLJBBci+WqGGOAPvcDeNSVg==}

  tinyexec@1.1.2:
    resolution: {integrity: sha512-dAqSqE/RabpBKI8+h26GfLq6Vb3JVXs30XYQjdMjaj/c2tS8IYYMbIzP599KtRj7c57/wYApb3QjgRgXmrCukA==}
    engines: {node: '>=18'}

  tinypool@2.1.0:
    resolution: {integrity: sha512-Pugqs6M0m7Lv1I7FtxN4aoyToKg1C4tu+/381vH35y8oENM/Ai7f7C4StcoK4/+BSw9ebcS8jRiVrORFKCALLw==}
    engines: {node: ^20.0.0 || >=22.0.0}

  typescript@5.9.3:
    resolution: {integrity: sha512-jl1vZzPDinLr9eUt3J/t7V6FgNEw9QjvBPdysz9KfQDD41fQrC2Y4vKQdiaUpFT4bXlb1RHhLpp8wtm6M5TgSw==}
    engines: {node: '>=14.17'}
    hasBin: true

  undici-types@7.16.0:
    resolution: {integrity: sha512-Zz+aZWSj8LE6zoxD+xrjh4VfkIG8Ya6LvYkZqtUQGJPZjYl53ypCaUwWqo7eI0x66KBGeRo+mlBEkMSeSZ38Nw==}

  unicorn-magic@0.1.0:
    resolution: {integrity: sha512-lRfVq8fE8gz6QMBuDM6a+LO3IAzTi05H6gCVaUpir2E1Rwpo4ZUog45KpNXKC/Mn3Yb9UDuHumeFTo9iV/D9FQ==}
    engines: {node: '>=18'}

  wrap-ansi@7.0.0:
    resolution: {integrity: sha512-YVGIj2kamLSTxw6NsZjoBxfSwsn0ycdesmc4p+Q21c5zPuZ1pl+NfxVdxPtdHvmNVOQ6XSYG4AUtyt/Fi7D16Q==}
    engines: {node: '>=10'}

  y18n@5.0.8:
    resolution: {integrity: sha512-0pfFzegeDWJHJIAmTLRP2DwHjdF5s7jo9tuztdQxAhINCdvS+3nGINqPd00AphqJR/0LhANUS6/+7SCb98YOfA==}
    engines: {node: '>=10'}

  yargs-parser@21.1.1:
    resolution: {integrity: sha512-tVpsJW7DdjecAiFpbIB1e3qxIQsE6NoPc5/eTdrbbIC4h0LVsWhnoa3g+m2HclBIujHzsxZ4VJVA+GUuc2/LBw==}
    engines: {node: '>=12'}

  yargs@17.7.2:
    resolution: {integrity: sha512-7dSzzRQ++CKnNI/krKnYRV7JKKPUXMEh61soaHKg9mrWEhzFWhFnxPxGl+69cD1Ou63C13NUPCnmIcrvqCuM6w==}
    engines: {node: '>=12'}

  yocto-queue@1.2.2:
    resolution: {integrity: sha512-4LCcse/U2MHZ63HAJVE+v71o7yOdIe4cZ70Wpf8D/IyjDKYQLV5GD46B+hSTjJsvV5PztjvHoU580EftxjDZFQ==}
    engines: {node: '>=12.20'}

snapshots:

  '@babel/code-frame@7.29.0':
    dependencies:
      '@babel/helper-validator-identifier': 7.28.5
      js-tokens: 4.0.0
      picocolors: 1.1.1

  '@babel/helper-validator-identifier@7.28.5': {}

  '@commitlint/cli@19.8.1(@types/node@24.12.4)(typescript@5.9.3)':
    dependencies:
      '@commitlint/format': 19.8.1
      '@commitlint/lint': 19.8.1
      '@commitlint/load': 19.8.1(@types/node@24.12.4)(typescript@5.9.3)
      '@commitlint/read': 19.8.1
      '@commitlint/types': 19.8.1
      tinyexec: 1.1.2
      yargs: 17.7.2
    transitivePeerDependencies:
      - '@types/node'
      - typescript

  '@commitlint/config-conventional@19.8.1':
    dependencies:
      '@commitlint/types': 19.8.1
      conventional-changelog-conventionalcommits: 7.0.2

  '@commitlint/config-validator@19.8.1':
    dependencies:
      '@commitlint/types': 19.8.1
      ajv: 8.20.0

  '@commitlint/ensure@19.8.1':
    dependencies:
      '@commitlint/types': 19.8.1
      lodash.camelcase: 4.3.0
      lodash.kebabcase: 4.1.1
      lodash.snakecase: 4.1.1
      lodash.startcase: 4.4.0
      lodash.upperfirst: 4.3.1

  '@commitlint/execute-rule@19.8.1': {}

  '@commitlint/format@19.8.1':
    dependencies:
      '@commitlint/types': 19.8.1
      chalk: 5.6.2

  '@commitlint/is-ignored@19.8.1':
    dependencies:
      '@commitlint/types': 19.8.1
      semver: 7.8.0

  '@commitlint/lint@19.8.1':
    dependencies:
      '@commitlint/is-ignored': 19.8.1
      '@commitlint/parse': 19.8.1
      '@commitlint/rules': 19.8.1
      '@commitlint/types': 19.8.1

  '@commitlint/load@19.8.1(@types/node@24.12.4)(typescript@5.9.3)':
    dependencies:
      '@commitlint/config-validator': 19.8.1
      '@commitlint/execute-rule': 19.8.1
      '@commitlint/resolve-extends': 19.8.1
      '@commitlint/types': 19.8.1
      chalk: 5.6.2
      cosmiconfig: 9.0.1(typescript@5.9.3)
      cosmiconfig-typescript-loader: 6.3.0(@types/node@24.12.4)(cosmiconfig@9.0.1(typescript@5.9.3))(typescript@5.9.3)
      lodash.isplainobject: 4.0.6
      lodash.merge: 4.6.2
      lodash.uniq: 4.5.0
    transitivePeerDependencies:
      - '@types/node'
      - typescript

  '@commitlint/message@19.8.1': {}

  '@commitlint/parse@19.8.1':
    dependencies:
      '@commitlint/types': 19.8.1
      conventional-changelog-angular: 7.0.0
      conventional-commits-parser: 5.0.0

  '@commitlint/read@19.8.1':
    dependencies:
      '@commitlint/top-level': 19.8.1
      '@commitlint/types': 19.8.1
      git-raw-commits: 4.0.0
      minimist: 1.2.8
      tinyexec: 1.1.2

  '@commitlint/resolve-extends@19.8.1':
    dependencies:
      '@commitlint/config-validator': 19.8.1
      '@commitlint/types': 19.8.1
      global-directory: 4.0.1
      import-meta-resolve: 4.2.0
      lodash.mergewith: 4.6.2
      resolve-from: 5.0.0

  '@commitlint/rules@19.8.1':
    dependencies:
      '@commitlint/ensure': 19.8.1
      '@commitlint/message': 19.8.1
      '@commitlint/to-lines': 19.8.1
      '@commitlint/types': 19.8.1

  '@commitlint/to-lines@19.8.1': {}

  '@commitlint/top-level@19.8.1':
    dependencies:
      find-up: 7.0.0

  '@commitlint/types@19.8.1':
    dependencies:
      '@types/conventional-commits-parser': 5.0.2
      chalk: 5.6.2

  '@oxfmt/binding-android-arm-eabi@0.50.0':
    optional: true

  '@oxfmt/binding-android-arm64@0.50.0':
    optional: true

  '@oxfmt/binding-darwin-arm64@0.50.0':
    optional: true

  '@oxfmt/binding-darwin-x64@0.50.0':
    optional: true

  '@oxfmt/binding-freebsd-x64@0.50.0':
    optional: true

  '@oxfmt/binding-linux-arm-gnueabihf@0.50.0':
    optional: true

  '@oxfmt/binding-linux-arm-musleabihf@0.50.0':
    optional: true

  '@oxfmt/binding-linux-arm64-gnu@0.50.0':
    optional: true

  '@oxfmt/binding-linux-arm64-musl@0.50.0':
    optional: true

  '@oxfmt/binding-linux-ppc64-gnu@0.50.0':
    optional: true

  '@oxfmt/binding-linux-riscv64-gnu@0.50.0':
    optional: true

  '@oxfmt/binding-linux-riscv64-musl@0.50.0':
    optional: true

  '@oxfmt/binding-linux-s390x-gnu@0.50.0':
    optional: true

  '@oxfmt/binding-linux-x64-gnu@0.50.0':
    optional: true

  '@oxfmt/binding-linux-x64-musl@0.50.0':
    optional: true

  '@oxfmt/binding-openharmony-arm64@0.50.0':
    optional: true

  '@oxfmt/binding-win32-arm64-msvc@0.50.0':
    optional: true

  '@oxfmt/binding-win32-ia32-msvc@0.50.0':
    optional: true

  '@oxfmt/binding-win32-x64-msvc@0.50.0':
    optional: true

  '@oxlint/binding-android-arm-eabi@1.66.0':
    optional: true

  '@oxlint/binding-android-arm64@1.66.0':
    optional: true

  '@oxlint/binding-darwin-arm64@1.66.0':
    optional: true

  '@oxlint/binding-darwin-x64@1.66.0':
    optional: true

  '@oxlint/binding-freebsd-x64@1.66.0':
    optional: true

  '@oxlint/binding-linux-arm-gnueabihf@1.66.0':
    optional: true

  '@oxlint/binding-linux-arm-musleabihf@1.66.0':
    optional: true

  '@oxlint/binding-linux-arm64-gnu@1.66.0':
    optional: true

  '@oxlint/binding-linux-arm64-musl@1.66.0':
    optional: true

  '@oxlint/binding-linux-ppc64-gnu@1.66.0':
    optional: true

  '@oxlint/binding-linux-riscv64-gnu@1.66.0':
    optional: true

  '@oxlint/binding-linux-riscv64-musl@1.66.0':
    optional: true

  '@oxlint/binding-linux-s390x-gnu@1.66.0':
    optional: true

  '@oxlint/binding-linux-x64-gnu@1.66.0':
    optional: true

  '@oxlint/binding-linux-x64-musl@1.66.0':
    optional: true

  '@oxlint/binding-openharmony-arm64@1.66.0':
    optional: true

  '@oxlint/binding-win32-arm64-msvc@1.66.0':
    optional: true

  '@oxlint/binding-win32-ia32-msvc@1.66.0':
    optional: true

  '@oxlint/binding-win32-x64-msvc@1.66.0':
    optional: true

  '@twilic/core@3.0.0': {}

  '@types/conventional-commits-parser@5.0.2':
    dependencies:
      '@types/node': 24.12.4

  '@types/node@24.12.4':
    dependencies:
      undici-types: 7.16.0

  JSONStream@1.3.5:
    dependencies:
      jsonparse: 1.3.1
      through: 2.3.8

  ajv@8.20.0:
    dependencies:
      fast-deep-equal: 3.1.3
      fast-uri: 3.1.2
      json-schema-traverse: 1.0.0
      require-from-string: 2.0.2

  ansi-regex@5.0.1: {}

  ansi-styles@4.3.0:
    dependencies:
      color-convert: 2.0.1

  argparse@2.0.1: {}

  array-ify@1.0.0: {}

  callsites@3.1.0: {}

  chalk@5.6.2: {}

  cliui@8.0.1:
    dependencies:
      string-width: 4.2.3
      strip-ansi: 6.0.1
      wrap-ansi: 7.0.0

  color-convert@2.0.1:
    dependencies:
      color-name: 1.1.4

  color-name@1.1.4: {}

  compare-func@2.0.0:
    dependencies:
      array-ify: 1.0.0
      dot-prop: 5.3.0

  conventional-changelog-angular@7.0.0:
    dependencies:
      compare-func: 2.0.0

  conventional-changelog-conventionalcommits@7.0.2:
    dependencies:
      compare-func: 2.0.0

  conventional-commits-parser@5.0.0:
    dependencies:
      JSONStream: 1.3.5
      is-text-path: 2.0.0
      meow: 12.1.1
      split2: 4.2.0

  cosmiconfig-typescript-loader@6.3.0(@types/node@24.12.4)(cosmiconfig@9.0.1(typescript@5.9.3))(typescript@5.9.3):
    dependencies:
      '@types/node': 24.12.4
      cosmiconfig: 9.0.1(typescript@5.9.3)
      jiti: 2.6.1
      typescript: 5.9.3

  cosmiconfig@9.0.1(typescript@5.9.3):
    dependencies:
      env-paths: 2.2.1
      import-fresh: 3.3.1
      js-yaml: 4.1.1
      parse-json: 5.2.0
    optionalDependencies:
      typescript: 5.9.3

  dargs@8.1.0: {}

  dot-prop@5.3.0:
    dependencies:
      is-obj: 2.0.0

  emoji-regex@8.0.0: {}

  env-paths@2.2.1: {}

  error-ex@1.3.4:
    dependencies:
      is-arrayish: 0.2.1

  escalade@3.2.0: {}

  fast-deep-equal@3.1.3: {}

  fast-uri@3.1.2: {}

  find-up@7.0.0:
    dependencies:
      locate-path: 7.2.0
      path-exists: 5.0.0
      unicorn-magic: 0.1.0

  get-caller-file@2.0.5: {}

  git-raw-commits@4.0.0:
    dependencies:
      dargs: 8.1.0
      meow: 12.1.1
      split2: 4.2.0

  global-directory@4.0.1:
    dependencies:
      ini: 4.1.1

  hono@4.12.21: {}

  husky@9.1.7: {}

  import-fresh@3.3.1:
    dependencies:
      parent-module: 1.0.1
      resolve-from: 4.0.0

  import-meta-resolve@4.2.0: {}

  ini@4.1.1: {}

  is-arrayish@0.2.1: {}

  is-fullwidth-code-point@3.0.0: {}

  is-obj@2.0.0: {}

  is-text-path@2.0.0:
    dependencies:
      text-extensions: 2.4.0

  jiti@2.6.1: {}

  js-tokens@4.0.0: {}

  js-yaml@4.1.1:
    dependencies:
      argparse: 2.0.1

  json-parse-even-better-errors@2.3.1: {}

  json-schema-traverse@1.0.0: {}

  jsonparse@1.3.1: {}

  lines-and-columns@1.2.4: {}

  locate-path@7.2.0:
    dependencies:
      p-locate: 6.0.0

  lodash.camelcase@4.3.0: {}

  lodash.isplainobject@4.0.6: {}

  lodash.kebabcase@4.1.1: {}

  lodash.merge@4.6.2: {}

  lodash.mergewith@4.6.2: {}

  lodash.snakecase@4.1.1: {}

  lodash.startcase@4.4.0: {}

  lodash.uniq@4.5.0: {}

  lodash.upperfirst@4.3.1: {}

  meow@12.1.1: {}

  minimist@1.2.8: {}

  oxfmt@0.50.0:
    dependencies:
      tinypool: 2.1.0
    optionalDependencies:
      '@oxfmt/binding-android-arm-eabi': 0.50.0
      '@oxfmt/binding-android-arm64': 0.50.0
      '@oxfmt/binding-darwin-arm64': 0.50.0
      '@oxfmt/binding-darwin-x64': 0.50.0
      '@oxfmt/binding-freebsd-x64': 0.50.0
      '@oxfmt/binding-linux-arm-gnueabihf': 0.50.0
      '@oxfmt/binding-linux-arm-musleabihf': 0.50.0
      '@oxfmt/binding-linux-arm64-gnu': 0.50.0
      '@oxfmt/binding-linux-arm64-musl': 0.50.0
      '@oxfmt/binding-linux-ppc64-gnu': 0.50.0
      '@oxfmt/binding-linux-riscv64-gnu': 0.50.0
      '@oxfmt/binding-linux-riscv64-musl': 0.50.0
      '@oxfmt/binding-linux-s390x-gnu': 0.50.0
      '@oxfmt/binding-linux-x64-gnu': 0.50.0
      '@oxfmt/binding-linux-x64-musl': 0.50.0
      '@oxfmt/binding-openharmony-arm64': 0.50.0
      '@oxfmt/binding-win32-arm64-msvc': 0.50.0
      '@oxfmt/binding-win32-ia32-msvc': 0.50.0
      '@oxfmt/binding-win32-x64-msvc': 0.50.0

  oxlint@1.66.0:
    optionalDependencies:
      '@oxlint/binding-android-arm-eabi': 1.66.0
      '@oxlint/binding-android-arm64': 1.66.0
      '@oxlint/binding-darwin-arm64': 1.66.0
      '@oxlint/binding-darwin-x64': 1.66.0
      '@oxlint/binding-freebsd-x64': 1.66.0
      '@oxlint/binding-linux-arm-gnueabihf': 1.66.0
      '@oxlint/binding-linux-arm-musleabihf': 1.66.0
      '@oxlint/binding-linux-arm64-gnu': 1.66.0
      '@oxlint/binding-linux-arm64-musl': 1.66.0
      '@oxlint/binding-linux-ppc64-gnu': 1.66.0
      '@oxlint/binding-linux-riscv64-gnu': 1.66.0
      '@oxlint/binding-linux-riscv64-musl': 1.66.0
      '@oxlint/binding-linux-s390x-gnu': 1.66.0
      '@oxlint/binding-linux-x64-gnu': 1.66.0
      '@oxlint/binding-linux-x64-musl': 1.66.0
      '@oxlint/binding-openharmony-arm64': 1.66.0
      '@oxlint/binding-win32-arm64-msvc': 1.66.0
      '@oxlint/binding-win32-ia32-msvc': 1.66.0
      '@oxlint/binding-win32-x64-msvc': 1.66.0

  p-limit@4.0.0:
    dependencies:
      yocto-queue: 1.2.2

  p-locate@6.0.0:
    dependencies:
      p-limit: 4.0.0

  parent-module@1.0.1:
    dependencies:
      callsites: 3.1.0

  parse-json@5.2.0:
    dependencies:
      '@babel/code-frame': 7.29.0
      error-ex: 1.3.4
      json-parse-even-better-errors: 2.3.1
      lines-and-columns: 1.2.4

  path-exists@5.0.0: {}

  picocolors@1.1.1: {}

  require-directory@2.1.1: {}

  require-from-string@2.0.2: {}

  resolve-from@4.0.0: {}

  resolve-from@5.0.0: {}

  semver@7.8.0: {}

  split2@4.2.0: {}

  string-width@4.2.3:
    dependencies:
      emoji-regex: 8.0.0
      is-fullwidth-code-point: 3.0.0
      strip-ansi: 6.0.1

  strip-ansi@6.0.1:
    dependencies:
      ansi-regex: 5.0.1

  text-extensions@2.4.0: {}

  through@2.3.8: {}

  tinyexec@1.1.2: {}

  tinypool@2.1.0: {}

  typescript@5.9.3: {}

  undici-types@7.16.0: {}

  unicorn-magic@0.1.0: {}

  wrap-ansi@7.0.0:
    dependencies:
      ansi-styles: 4.3.0
      string-width: 4.2.3
      strip-ansi: 6.0.1

  y18n@5.0.8: {}

  yargs-parser@21.1.1: {}

  yargs@17.7.2:
    dependencies:
      cliui: 8.0.1
      escalade: 3.2.0
      get-caller-file: 2.0.5
      require-directory: 2.1.1
      string-width: 4.2.3
      y18n: 5.0.8
      yargs-parser: 21.1.1

  yocto-queue@1.2.2: {}
